
Microsoft Visual Studio Solution File, Format Version 12.00
# Visual Studio Version 16
VisualStudioVersion = 16.0.31424.327
MinimumVisualStudioVersion = 10.0.40219.1
Project("{FAE04EC0-301F-11D3-BF4B-00C04F79EFBC}") = "SonarCloud", "SonarCloud\SonarCloud.csproj", "{ABE60419-4B19-45FE-AD04-020289D90726}"
EndProject
Global
	GlobalSection(SolutionConfigurationPlatforms) = preSolution
		Debug|Any CPU = Debug|Any CPU
		Release|Any CPU = Release|Any CPU
	EndGlobalSection
	GlobalSection(ProjectConfigurationPlatforms) = postSolution
		{ABE60419-4B19-45FE-AD04-020289D90726}.Debug|Any CPU.ActiveCfg = Debug|Any CPU
		{ABE60419-4B19-45FE-AD04-020289D90726}.Debug|Any CPU.Build.0 = Debug|Any CPU
		{ABE60419-4B19-45FE-AD04-020289D90726}.Release|Any CPU.ActiveCfg = Release|Any CPU
		{ABE60419-4B19-45FE-AD04-020289D90726}.Release|Any CPU.Build.0 = Release|Any CPU
	EndGlobalSection
	GlobalSection(SolutionProperties) = preSolution
		HideSolutionNode = FALSE
	EndGlobalSection
	GlobalSection(ExtensibilityGlobals) = postSolution
		SolutionGuid = {19F3956D-2BD8-4450-96B0-071145800679}
	EndGlobalSection
EndGlobal
